
Microsoft Visual Studio Solution File, Format Version 12.00
# Visual Studio Version 17
VisualStudioVersion = 17.3.32929.385
MinimumVisualStudioVersion = 10.0.40219.1
Project("{FAE04EC0-301F-11D3-BF4B-00C04F79EFBC}") = "UserLoginNikola", "UserLoginNikola\UserLoginNikola.csproj", "{6720314E-BE10-4742-B56D-D0EEFA8A3AE3}"
EndProject
Project("{FAE04EC0-301F-11D3-BF4B-00C04F79EFBC}") = "StudentInfoSystemm", "StudentInfoSystemm\StudentInfoSystemm.csproj", "{A82BCFFB-4B96-4C91-A934-6A00984CE290}"
EndProject
Project("{FAE04EC0-301F-11D3-BF4B-00C04F79EFBC}") = "ExpenseIt", "ExpenseIt\ExpenseIt.csproj", "{2518D7CE-1639-48B8-8D0F-4E9F9E688454}"
EndProject
Project("{FAE04EC0-301F-11D3-BF4B-00C04F79EFBC}") = "WpfExample", "WpfExample\WpfExample.csproj", "{053D4EAA-B1C3-4648-B4BD-73587CC7928F}"
EndProject
Project("{FAE04EC0-301F-11D3-BF4B-00C04F79EFBC}") = "EasyMVVM", "EasyMVVM\EasyMVVM.csproj", "{B09BA77B-23DA-4479-802B-F7E94E0B4106}"
EndProject
Global
	GlobalSection(SolutionConfigurationPlatforms) = preSolution
		Debug|Any CPU = Debug|Any CPU
		Release|Any CPU = Release|Any CPU
	EndGlobalSection
	GlobalSection(ProjectConfigurationPlatforms) = postSolution
		{6720314E-BE10-4742-B56D-D0EEFA8A3AE3}.Debug|Any CPU.ActiveCfg = Debug|Any CPU
		{6720314E-BE10-4742-B56D-D0EEFA8A3AE3}.Debug|Any CPU.Build.0 = Debug|Any CPU
		{6720314E-BE10-4742-B56D-D0EEFA8A3AE3}.Release|Any CPU.ActiveCfg = Release|Any CPU
		{6720314E-BE10-4742-B56D-D0EEFA8A3AE3}.Release|Any CPU.Build.0 = Release|Any CPU
		{A82BCFFB-4B96-4C91-A934-6A00984CE290}.Debug|Any CPU.ActiveCfg = Debug|Any CPU
		{A82BCFFB-4B96-4C91-A934-6A00984CE290}.Debug|Any CPU.Build.0 = Debug|Any CPU
		{A82BCFFB-4B96-4C91-A934-6A00984CE290}.Release|Any CPU.ActiveCfg = Release|Any CPU
		{A82BCFFB-4B96-4C91-A934-6A00984CE290}.Release|Any CPU.Build.0 = Release|Any CPU
		{2518D7CE-1639-48B8-8D0F-4E9F9E688454}.Debug|Any CPU.ActiveCfg = Debug|Any CPU
		{2518D7CE-1639-48B8-8D0F-4E9F9E688454}.Debug|Any CPU.Build.0 = Debug|Any CPU
		{2518D7CE-1639-48B8-8D0F-4E9F9E688454}.Release|Any CPU.ActiveCfg = Release|Any CPU
		{2518D7CE-1639-48B8-8D0F-4E9F9E688454}.Release|Any CPU.Build.0 = Release|Any CPU
		{053D4EAA-B1C3-4648-B4BD-73587CC7928F}.Debug|Any CPU.ActiveCfg = Debug|Any CPU
		{053D4EAA-B1C3-4648-B4BD-73587CC7928F}.Debug|Any CPU.Build.0 = Debug|Any CPU
		{053D4EAA-B1C3-4648-B4BD-73587CC7928F}.Release|Any CPU.ActiveCfg = Release|Any CPU
		{053D4EAA-B1C3-4648-B4BD-73587CC7928F}.Release|Any CPU.Build.0 = Release|Any CPU
		{B09BA77B-23DA-4479-802B-F7E94E0B4106}.Debug|Any CPU.ActiveCfg = Debug|Any CPU
		{B09BA77B-23DA-4479-802B-F7E94E0B4106}.Debug|Any CPU.Build.0 = Debug|Any CPU
		{B09BA77B-23DA-4479-802B-F7E94E0B4106}.Release|Any CPU.ActiveCfg = Release|Any CPU
		{B09BA77B-23DA-4479-802B-F7E94E0B4106}.Release|Any CPU.Build.0 = Release|Any CPU
	EndGlobalSection
	GlobalSection(SolutionProperties) = preSolution
		HideSolutionNode = FALSE
	EndGlobalSection
	GlobalSection(ExtensibilityGlobals) = postSolution
		SolutionGuid = {009ED58D-11DD-48C0-9D21-7BE1106CE772}
	EndGlobalSection
EndGlobal
